// !$*UTF8*$!
{
	archiveVersion = 1;
	classes = {
	};
	objectVersion = 46;
	objects = {

/* Begin PBXBuildFile section */
		2222550E1C92A057009882A9 /* main.m in Sources */ = {isa = PBXBuildFile; fileRef = 2222550D1C92A057009882A9 /* main.m */; };
		222255111C92A058009882A9 /* AppDelegate.m in Sources */ = {isa = PBXBuildFile; fileRef = 222255101C92A058009882A9 /* AppDelegate.m */; };
		222255141C92A058009882A9 /* ViewController.m in Sources */ = {isa = PBXBuildFile; fileRef = 222255131C92A058009882A9 /* ViewController.m */; };
		222255171C92A058009882A9 /* Main.storyboard in Resources */ = {isa = PBXBuildFile; fileRef = 222255151C92A058009882A9 /* Main.storyboard */; };
		222255191C92A058009882A9 /* Assets.xcassets in Resources */ = {isa = PBXBuildFile; fileRef = 222255181C92A058009882A9 /* Assets.xcassets */; };
		2222551C1C92A058009882A9 /* LaunchScreen.storyboard in Resources */ = {isa = PBXBuildFile; fileRef = 2222551A1C92A058009882A9 /* LaunchScreen.storyboard */; };
		222255271C92A058009882A9 /* LineableLibraryExampleObjCUITests.m in Sources */ = {isa = PBXBuildFile; fileRef = 222255261C92A058009882A9 /* LineableLibraryExampleObjCUITests.m */; };
/* End PBXBuildFile section */

/* Begin PBXContainerItemProxy section */
		222255231C92A058009882A9 /* PBXContainerItemProxy */ = {
			isa = PBXContainerItemProxy;
			containerPortal = 222255011C92A057009882A9 /* Project object */;
			proxyType = 1;
			remoteGlobalIDString = 222255081C92A057009882A9;
			remoteInfo = LineableLibraryExampleObjC;
		};
/* End PBXContainerItemProxy section */

/* Begin PBXFileReference section */
		222255091C92A057009882A9 /* LineableLibraryExampleObjC.app */ = {isa = PBXFileReference; explicitFileType = wrapper.application; includeInIndex = 0; path = LineableLibraryExampleObjC.app; sourceTree = BUILT_PRODUCTS_DIR; };
		2222550D1C92A057009882A9 /* main.m */ = {isa = PBXFileReference; lastKnownFileType = sourcecode.c.objc; path = main.m; sourceTree = "<group>"; };
		2222550F1C92A057009882A9 /* AppDelegate.h */ = {isa = PBXFileReference; lastKnownFileType = sourcecode.c.h; path = AppDelegate.h; sourceTree = "<group>"; };
		222255101C92A058009882A9 /* AppDelegate.m */ = {isa = PBXFileReference; lastKnownFileType = sourcecode.c.objc; path = AppDelegate.m; sourceTree = "<group>"; };
		222255121C92A058009882A9 /* ViewController.h */ = {isa = PBXFileReference; lastKnownFileType = sourcecode.c.h; path = ViewController.h; sourceTree = "<group>"; };
		222255131C92A058009882A9 /* ViewController.m */ = {isa = PBXFileReference; lastKnownFileType = sourcecode.c.objc; path = ViewController.m; sourceTree = "<group>"; };
		222255161C92A058009882A9 /* Base */ = {isa = PBXFileReference; lastKnownFileType = file.storyboard; name = Base; path = Base.lproj/Main.storyboard; sourceTree = "<group>"; };
		222255181C92A058009882A9 /* Assets.xcassets */ = {isa = PBXFileReference; lastKnownFileType = folder.assetcatalog; path = Assets.xcassets; sourceTree = "<group>"; };
		2222551B1C92A058009882A9 /* Base */ = {isa = PBXFileReference; lastKnownFileType = file.storyboard; name = Base; path = Base.lproj/LaunchScreen.storyboard; sourceTree = "<group>"; };
		2222551D1C92A058009882A9 /* Info.plist */ = {isa = PBXFileReference; lastKnownFileType = text.plist.xml; path = Info.plist; sourceTree = "<group>"; };
		222255221C92A058009882A9 /* LineableLibraryExampleObjCUITests.xctest */ = {isa = PBXFileReference; explicitFileType = wrapper.cfbundle; includeInIndex = 0; path = LineableLibraryExampleObjCUITests.xctest; sourceTree = BUILT_PRODUCTS_DIR; };
		222255261C92A058009882A9 /* LineableLibraryExampleObjCUITests.m */ = {isa = PBXFileReference; lastKnownFileType = sourcecode.c.objc; path = LineableLibraryExampleObjCUITests.m; sourceTree = "<group>"; };
		222255281C92A058009882A9 /* Info.plist */ = {isa = PBXFileReference; lastKnownFileType = text.plist.xml; path = Info.plist; sourceTree = "<group>"; };
/* End PBXFileReference section */

/* Begin PBXFrameworksBuildPhase section */
		222255061C92A057009882A9 /* Frameworks */ = {
			isa = PBXFrameworksBuildPhase;
			buildActionMask = 2147483647;
			files = (
			);
			runOnlyForDeploymentPostprocessing = 0;
		};
		2222551F1C92A058009882A9 /* Frameworks */ = {
			isa = PBXFrameworksBuildPhase;
			buildActionMask = 2147483647;
			files = (
			);
			runOnlyForDeploymentPostprocessing = 0;
		};
/* End PBXFrameworksBuildPhase section */

/* Begin PBXGroup section */
		222255001C92A057009882A9 = {
			isa = PBXGroup;
			children = (
				2222550B1C92A057009882A9 /* LineableLibraryExampleObjC */,
				222255251C92A058009882A9 /* LineableLibraryExampleObjCUITests */,
				2222550A1C92A057009882A9 /* Products */,
			);
			sourceTree = "<group>";
		};
		2222550A1C92A057009882A9 /* Products */ = {
			isa = PBXGroup;
			children = (
				222255091C92A057009882A9 /* LineableLibraryExampleObjC.app */,
				222255221C92A058009882A9 /* LineableLibraryExampleObjCUITests.xctest */,
			);
			name = Products;
			sourceTree = "<group>";
		};
		2222550B1C92A057009882A9 /* LineableLibraryExampleObjC */ = {
			isa = PBXGroup;
			children = (
				2222550F1C92A057009882A9 /* AppDelegate.h */,
				222255101C92A058009882A9 /* AppDelegate.m */,
				222255121C92A058009882A9 /* ViewController.h */,
				222255131C92A058009882A9 /* ViewController.m */,
				222255151C92A058009882A9 /* Main.storyboard */,
				222255181C92A058009882A9 /* Assets.xcassets */,
				2222551A1C92A058009882A9 /* LaunchScreen.storyboard */,
				2222551D1C92A058009882A9 /* Info.plist */,
				2222550C1C92A057009882A9 /* Supporting Files */,
			);
			path = LineableLibraryExampleObjC;
			sourceTree = "<group>";
		};
		2222550C1C92A057009882A9 /* Supporting Files */ = {
			isa = PBXGroup;
			children = (
				2222550D1C92A057009882A9 /* main.m */,
			);
			name = "Supporting Files";
			sourceTree = "<group>";
		};
		222255251C92A058009882A9 /* LineableLibraryExampleObjCUITests */ = {
			isa = PBXGroup;
			children = (
				222255261C92A058009882A9 /* LineableLibraryExampleObjCUITests.m */,
				222255281C92A058009882A9 /* Info.plist */,
			);
			path = LineableLibraryExampleObjCUITests;
			sourceTree = "<group>";
		};
/* End PBXGroup section */

/* Begin PBXNativeTarget section */
		222255081C92A057009882A9 /* LineableLibraryExampleObjC */ = {
			isa = PBXNativeTarget;
			buildConfigurationList = 2222552B1C92A058009882A9 /* Build configuration list for PBXNativeTarget "LineableLibraryExampleObjC" */;
			buildPhases = (
				222255051C92A057009882A9 /* Sources */,
				222255061C92A057009882A9 /* Frameworks */,
				222255071C92A057009882A9 /* Resources */,
			);
			buildRules = (
			);
			dependencies = (
			);
			name = LineableLibraryExampleObjC;
			productName = LineableLibraryExampleObjC;
			productReference = 222255091C92A057009882A9 /* LineableLibraryExampleObjC.app */;
			productType = "com.apple.product-type.application";
		};
		222255211C92A058009882A9 /* LineableLibraryExampleObjCUITests */ = {
			isa = PBXNativeTarget;
			buildConfigurationList = 2222552E1C92A058009882A9 /* Build configuration list for PBXNativeTarget "LineableLibraryExampleObjCUITests" */;
			buildPhases = (
				2222551E1C92A058009882A9 /* Sources */,
				2222551F1C92A058009882A9 /* Frameworks */,
				222255201C92A058009882A9 /* Resources */,
			);
			buildRules = (
			);
			dependencies = (
				222255241C92A058009882A9 /* PBXTargetDependency */,
			);
			name = LineableLibraryExampleObjCUITests;
			productName = LineableLibraryExampleObjCUITests;
			productReference = 222255221C92A058009882A9 /* LineableLibraryExampleObjCUITests.xctest */;
			productType = "com.apple.product-type.bundle.ui-testing";
		};
/* End PBXNativeTarget section */

/* Begin PBXProject section */
		222255011C92A057009882A9 /* Project object */ = {
			isa = PBXProject;
			attributes = {
				LastUpgradeCheck = 0720;
				ORGANIZATIONNAME = Lineable;
				TargetAttributes = {
					222255081C92A057009882A9 = {
						CreatedOnToolsVersion = 7.2.1;
					};
					222255211C92A058009882A9 = {
						CreatedOnToolsVersion = 7.2.1;
						TestTargetID = 222255081C92A057009882A9;
					};
				};
			};
			buildConfigurationList = 222255041C92A057009882A9 /* Build configuration list for PBXProject "LineableLibraryExampleObjC" */;
			compatibilityVersion = "Xcode 3.2";
			developmentRegion = English;
			hasScannedForEncodings = 0;
			knownRegions = (
				en,
				Base,
			);
			mainGroup = 222255001C92A057009882A9;
			productRefGroup = 2222550A1C92A057009882A9 /* Products */;
			projectDirPath = "";
			projectRoot = "";
			targets = (
				222255081C92A057009882A9 /* LineableLibraryExampleObjC */,
				222255211C92A058009882A9 /* LineableLibraryExampleObjCUITests */,
			);
		};
/* End PBXProject section */

/* Begin PBXResourcesBuildPhase section */
		222255071C92A057009882A9 /* Resources */ = {
			isa = PBXResourcesBuildPhase;
			buildActionMask = 2147483647;
			files = (
				2222551C1C92A058009882A9 /* LaunchScreen.storyboard in Resources */,
				222255191C92A058009882A9 /* Assets.xcassets in Resources */,
				222255171C92A058009882A9 /* Main.storyboard in Resources */,
			);
			runOnlyForDeploymentPostprocessing = 0;
		};
		222255201C92A058009882A9 /* Resources */ = {
			isa = PBXResourcesBuildPhase;
			buildActionMask = 2147483647;
			files = (
			);
			runOnlyForDeploymentPostprocessing = 0;
		};
/* End PBXResourcesBuildPhase section */

/* Begin PBXSourcesBuildPhase section */
		222255051C92A057009882A9 /* Sources */ = {
			isa = PBXSourcesBuildPhase;
			buildActionMask = 2147483647;
			files = (
				222255141C92A058009882A9 /* ViewController.m in Sources */,
				222255111C92A058009882A9 /* AppDelegate.m in Sources */,
				2222550E1C92A057009882A9 /* main.m in Sources */,
			);
			runOnlyForDeploymentPostprocessing = 0;
		};
		2222551E1C92A058009882A9 /* Sources */ = {
			isa = PBXSourcesBuildPhase;
			buildActionMask = 2147483647;
			files = (
				222255271C92A058009882A9 /* LineableLibraryExampleObjCUITests.m in Sources */,
			);
			runOnlyForDeploymentPostprocessing = 0;
		};
/* End PBXSourcesBuildPhase section */

/* Begin PBXTargetDependency section */
		222255241C92A058009882A9 /* PBXTargetDependency */ = {
			isa = PBXTargetDependency;
			target = 222255081C92A057009882A9 /* LineableLibraryExampleObjC */;
			targetProxy = 222255231C92A058009882A9 /* PBXContainerItemProxy */;
		};
/* End PBXTargetDependency section */

/* Begin PBXVariantGroup section */
		222255151C92A058009882A9 /* Main.storyboard */ = {
			isa = PBXVariantGroup;
			children = (
				222255161C92A058009882A9 /* Base */,
			);
			name = Main.storyboard;
			sourceTree = "<group>";
		};
		2222551A1C92A058009882A9 /* LaunchScreen.storyboard */ = {
			isa = PBXVariantGroup;
			children = (
				2222551B1C92A058009882A9 /* Base */,
			);
			name = LaunchScreen.storyboard;
			sourceTree = "<group>";
		};
/* End PBXVariantGroup section */

/* Begin XCBuildConfiguration section */
		222255291C92A058009882A9 /* Debug */ = {
			isa = XCBuildConfiguration;
			buildSettings = {
				ALWAYS_SEARCH_USER_PATHS = NO;
				CLANG_CXX_LANGUAGE_STANDARD = "gnu++0x";
				CLANG_CXX_LIBRARY = "libc++";
				CLANG_ENABLE_MODULES = YES;
				CLANG_ENABLE_OBJC_ARC = YES;
				CLANG_WARN_BOOL_CONVERSION = YES;
				CLANG_WARN_CONSTANT_CONVERSION = YES;
				CLANG_WARN_DIRECT_OBJC_ISA_USAGE = YES_ERROR;
				CLANG_WARN_EMPTY_BODY = YES;
				CLANG_WARN_ENUM_CONVERSION = YES;
				CLANG_WARN_INT_CONVERSION = YES;
				CLANG_WARN_OBJC_ROOT_CLASS = YES_ERROR;
				CLANG_WARN_UNREACHABLE_CODE = YES;
				CLANG_WARN__DUPLICATE_METHOD_MATCH = YES;
				"CODE_SIGN_IDENTITY[sdk=iphoneos*]" = "iPhone Developer";
				COPY_PHASE_STRIP = NO;
				DEBUG_INFORMATION_FORMAT = dwarf;
				ENABLE_STRICT_OBJC_MSGSEND = YES;
				ENABLE_TESTABILITY = YES;
				GCC_C_LANGUAGE_STANDARD = gnu99;
				GCC_DYNAMIC_NO_PIC = NO;
				GCC_NO_COMMON_BLOCKS = YES;
				GCC_OPTIMIZATION_LEVEL = 0;
				GCC_PREPROCESSOR_DEFINITIONS = (
					"DEBUG=1",
					"$(inherited)",
				);
				GCC_WARN_64_TO_32_BIT_CONVERSION = YES;
				GCC_WARN_ABOUT_RETURN_TYPE = YES_ERROR;
				GCC_WARN_UNDECLARED_SELECTOR = YES;
				GCC_WARN_UNINITIALIZED_AUTOS = YES_AGGRESSIVE;
				GCC_WARN_UNUSED_FUNCTION = YES;
				GCC_WARN_UNUSED_VARIABLE = YES;
				IPHONEOS_DEPLOYMENT_TARGET = 9.2;
				MTL_ENABLE_DEBUG_INFO = YES;
				ONLY_ACTIVE_ARCH = YES;
				SDKROOT = iphoneos;
			};
			name = Debug;
		};
		2222552A1C92A058009882A9 /* Release */ = {
			isa = XCBuildConfiguration;
			buildSettings = {
				ALWAYS_SEARCH_USER_PATHS = NO;
				CLANG_CXX_LANGUAGE_STANDARD = "gnu++0x";
				CLANG_CXX_LIBRARY = "libc++";
				CLANG_ENABLE_MODULES = YES;
				CLANG_ENABLE_OBJC_ARC = YES;
				CLANG_WARN_BOOL_CONVERSION = YES;
				CLANG_WARN_CONSTANT_CONVERSION = YES;
				CLANG_WARN_DIRECT_OBJC_ISA_USAGE = YES_ERROR;
				CLANG_WARN_EMPTY_BODY = YES;
				CLANG_WARN_ENUM_CONVERSION = YES;
				CLANG_WARN_INT_CONVERSION = YES;
				CLANG_WARN_OBJC_ROOT_CLASS = YES_ERROR;
				CLANG_WARN_UNREACHABLE_CODE = YES;
				CLANG_WARN__DUPLICATE_METHOD_MATCH = YES;
				"CODE_SIGN_IDENTITY[sdk=iphoneos*]" = "iPhone Developer";
				COPY_PHASE_STRIP = NO;
				DEBUG_INFORMATION_FORMAT = "dwarf-with-dsym";
				ENABLE_NS_ASSERTIONS = NO;
				ENABLE_STRICT_OBJC_MSGSEND = YES;
				GCC_C_LANGUAGE_STANDARD = gnu99;
				GCC_NO_COMMON_BLOCKS = YES;
				GCC_WARN_64_TO_32_BIT_CONVERSION = YES;
				GCC_WARN_ABOUT_RETURN_TYPE = YES_ERROR;
				GCC_WARN_UNDECLARED_SELECTOR = YES;
				GCC_WARN_UNINITIALIZED_AUTOS = YES_AGGRESSIVE;
				GCC_WARN_UNUSED_FUNCTION = YES;
				GCC_WARN_UNUSED_VARIABLE = YES;
				IPHONEOS_DEPLOYMENT_TARGET = 9.2;
				MTL_ENABLE_DEBUG_INFO = NO;
				SDKROOT = iphoneos;
				VALIDATE_PRODUCT = YES;
			};
			name = Release;
		};
		2222552C1C92A058009882A9 /* Debug */ = {
			isa = XCBuildConfiguration;
			buildSettings = {
				ASSETCATALOG_COMPILER_APPICON_NAME = AppIcon;
				INFOPLIST_FILE = LineableLibraryExampleObjC/Info.plist;
				LD_RUNPATH_SEARCH_PATHS = "$(inherited) @executable_path/Frameworks";
				PRODUCT_BUNDLE_IDENTIFIER = com.lineable.LineableLibraryExampleObjC;
				PRODUCT_NAME = "$(TARGET_NAME)";
			};
			name = Debug;
		};
		2222552D1C92A058009882A9 /* Release */ = {
			isa = XCBuildConfiguration;
			buildSettings = {
				ASSETCATALOG_COMPILER_APPICON_NAME = AppIcon;
				INFOPLIST_FILE = LineableLibraryExampleObjC/Info.plist;
				LD_RUNPATH_SEARCH_PATHS = "$(inherited) @executable_path/Frameworks";
				PRODUCT_BUNDLE_IDENTIFIER = com.lineable.LineableLibraryExampleObjC;
				PRODUCT_NAME = "$(TARGET_NAME)";
			};
			name = Release;
		};
		2222552F1C92A058009882A9 /* Debug */ = {
			isa = XCBuildConfiguration;
			buildSettings = {
				INFOPLIST_FILE = LineableLibraryExampleObjCUITests/Info.plist;
				LD_RUNPATH_SEARCH_PATHS = "$(inherited) @executable_path/Frameworks @loader_path/Frameworks";
				PRODUCT_BUNDLE_IDENTIFIER = com.lineable.LineableLibraryExampleObjCUITests;
				PRODUCT_NAME = "$(TARGET_NAME)";
				TEST_TARGET_NAME = LineableLibraryExampleObjC;
				USES_XCTRUNNER = YES;
			};
			name = Debug;
		};
		222255301C92A058009882A9 /* Release */ = {
			isa = XCBuildConfiguration;
			buildSettings = {
				INFOPLIST_FILE = LineableLibraryExampleObjCUITests/Info.plist;
				LD_RUNPATH_SEARCH_PATHS = "$(inherited) @executable_path/Frameworks @loader_path/Frameworks";
				PRODUCT_BUNDLE_IDENTIFIER = com.lineable.LineableLibraryExampleObjCUITests;
				PRODUCT_NAME = "$(TARGET_NAME)";
				TEST_TARGET_NAME = LineableLibraryExampleObjC;
				USES_XCTRUNNER = YES;
			};
			name = Release;
		};
/* End XCBuildConfiguration section */

/* Begin XCConfigurationList section */
		222255041C92A057009882A9 /* Build configuration list for PBXProject "LineableLibraryExampleObjC" */ = {
			isa = XCConfigurationList;
			buildConfigurations = (
				222255291C92A058009882A9 /* Debug */,
				2222552A1C92A058009882A9 /* Release */,
			);
			defaultConfigurationIsVisible = 0;
			defaultConfigurationName = Release;
		};
		2222552B1C92A058009882A9 /* Build configuration list for PBXNativeTarget "LineableLibraryExampleObjC" */ = {
			isa = XCConfigurationList;
			buildConfigurations = (
				2222552C1C92A058009882A9 /* Debug */,
				2222552D1C92A058009882A9 /* Release */,
			);
			defaultConfigurationIsVisible = 0;
		};
		2222552E1C92A058009882A9 /* Build configuration list for PBXNativeTarget "LineableLibraryExampleObjCUITests" */ = {
			isa = XCConfigurationList;
			buildConfigurations = (
				2222552F1C92A058009882A9 /* Debug */,
				222255301C92A058009882A9 /* Release */,
			);
			defaultConfigurationIsVisible = 0;
		};
/* End XCConfigurationList section */
	};
	rootObject = 222255011C92A057009882A9 /* Project object */;
}
